
Microsoft Visual Studio Solution File, Format Version 12.00
# Visual Studio Version 16
VisualStudioVersion = 16.0.31313.79
MinimumVisualStudioVersion = 10.0.40219.1
Project("{9A19103F-16F7-4668-BE54-9A1E7A4F7556}") = "open-closed-poc", "open-closed-poc\open-closed-poc.csproj", "{D32E4DD0-6093-47BC-8A55-6AFD8ADC8F1C}"
EndProject
Project("{9A19103F-16F7-4668-BE54-9A1E7A4F7556}") = "my-dear-extension", "my-dear-extension\my-dear-extension.csproj", "{9B975DC0-FE66-47F7-B92A-9D41165F43EC}"
EndProject
Global
	GlobalSection(SolutionConfigurationPlatforms) = preSolution
		Debug|Any CPU = Debug|Any CPU
		Release|Any CPU = Release|Any CPU
	EndGlobalSection
	GlobalSection(ProjectConfigurationPlatforms) = postSolution
		{D32E4DD0-6093-47BC-8A55-6AFD8ADC8F1C}.Debug|Any CPU.ActiveCfg = Debug|Any CPU
		{D32E4DD0-6093-47BC-8A55-6AFD8ADC8F1C}.Debug|Any CPU.Build.0 = Debug|Any CPU
		{D32E4DD0-6093-47BC-8A55-6AFD8ADC8F1C}.Release|Any CPU.ActiveCfg = Release|Any CPU
		{D32E4DD0-6093-47BC-8A55-6AFD8ADC8F1C}.Release|Any CPU.Build.0 = Release|Any CPU
		{9B975DC0-FE66-47F7-B92A-9D41165F43EC}.Debug|Any CPU.ActiveCfg = Debug|Any CPU
		{9B975DC0-FE66-47F7-B92A-9D41165F43EC}.Debug|Any CPU.Build.0 = Debug|Any CPU
		{9B975DC0-FE66-47F7-B92A-9D41165F43EC}.Release|Any CPU.ActiveCfg = Release|Any CPU
		{9B975DC0-FE66-47F7-B92A-9D41165F43EC}.Release|Any CPU.Build.0 = Release|Any CPU
	EndGlobalSection
	GlobalSection(SolutionProperties) = preSolution
		HideSolutionNode = FALSE
	EndGlobalSection
	GlobalSection(ExtensibilityGlobals) = postSolution
		SolutionGuid = {C901DAC6-7F0A-44C3-91BB-5A0CF6D80BF5}
	EndGlobalSection
EndGlobal
